
Microsoft Visual Studio Solution File, Format Version 12.00
# Visual Studio Version 17
VisualStudioVersion = 17.1.32421.90
MinimumVisualStudioVersion = 10.0.40219.1
Project("{8BC9CEB8-8B4A-11D0-8D11-00A0C91BC942}") = "Project1", "Project1\Project1.vcxproj", "{9EFC5BA1-7BD3-4116-9429-CCE5212E2DA4}"
EndProject
Project("{8BC9CEB8-8B4A-11D0-8D11-00A0C91BC942}") = "EX1", "EX1\EX1.vcxproj", "{1304C360-B328-4BC8-83B5-204DEAA62871}"
EndProject
Project("{8BC9CEB8-8B4A-11D0-8D11-00A0C91BC942}") = "TestPointeur", "TestPointeur\TestPointeur.vcxproj", "{4C9E0AFC-7F87-4BF8-85B7-25D7DC85304E}"
EndProject
Project("{8BC9CEB8-8B4A-11D0-8D11-00A0C91BC942}") = "Fonction", "Fonction\Fonction.vcxproj", "{8E866EF6-AC2A-45D5-9AA1-9359FFCB3066}"
EndProject
Project("{8BC9CEB8-8B4A-11D0-8D11-00A0C91BC942}") = "Sizeof", "Sizeof\Sizeof.vcxproj", "{828E6909-3AF9-45E9-A44F-4E4713EAA1A7}"
EndProject
Project("{8BC9CEB8-8B4A-11D0-8D11-00A0C91BC942}") = "functions", "functions\functions.vcxproj", "{00E14F14-7185-4A9E-8AD3-5CEFC01513C6}"
EndProject
Project("{8BC9CEB8-8B4A-11D0-8D11-00A0C91BC942}") = "Exo4", "Exo4\Exo4.vcxproj", "{E2D1DF41-8A45-4DC8-AF8F-C1B11B353993}"
EndProject
Project("{8BC9CEB8-8B4A-11D0-8D11-00A0C91BC942}") = "Tableaux", "Tableaux\Tableaux.vcxproj", "{28FD479A-9A06-4375-8C57-4AC777C96006}"
EndProject
Project("{8BC9CEB8-8B4A-11D0-8D11-00A0C91BC942}") = "i-o", "i-o\i-o.vcxproj", "{F13EEAA3-A130-4A9F-87A4-30C32C8E5495}"
EndProject
Project("{8BC9CEB8-8B4A-11D0-8D11-00A0C91BC942}") = "Fibonacci", "Fibonacci\Fibonacci.vcxproj", "{D9D813D6-7558-4BC0-A98E-B00525CFA8F3}"
EndProject
Project("{8BC9CEB8-8B4A-11D0-8D11-00A0C91BC942}") = "String", "String\String.vcxproj", "{60D991CC-02D6-46AB-95D1-037882969202}"
EndProject
Project("{8BC9CEB8-8B4A-11D0-8D11-00A0C91BC942}") = "String2", "String2\String2.vcxproj", "{0AC291A0-E14F-49D7-AD24-F2B4C6597656}"
EndProject
Project("{8BC9CEB8-8B4A-11D0-8D11-00A0C91BC942}") = "ListeChainee", "ListeChainée\ListeChainée.vcxproj", "{213E82C5-5352-439C-BB1D-120FE3E7F61D}"
EndProject
Project("{8BC9CEB8-8B4A-11D0-8D11-00A0C91BC942}") = "Pendu_Projet", "Pendu_Projet\Pendu_Projet.vcxproj", "{2E154808-351F-4EE3-B115-2A5F30214710}"
EndProject
Project("{8BC9CEB8-8B4A-11D0-8D11-00A0C91BC942}") = "ExempleObjet", "ExempleObjet\ExempleObjet.vcxproj", "{0E118ED5-BD20-43E6-B869-657A6B816EC6}"
EndProject
Project("{8BC9CEB8-8B4A-11D0-8D11-00A0C91BC942}") = "Tp_1", "Tp_1\Tp_1.vcxproj", "{6B17BC02-34B9-4F00-B0E4-8EC86FDBCBC5}"
EndProject
Project("{8BC9CEB8-8B4A-11D0-8D11-00A0C91BC942}") = "Tp_2", "Tp_2\Tp_2.vcxproj", "{F7C61242-498C-418F-B7EF-B79FF02DA693}"
EndProject
Project("{8BC9CEB8-8B4A-11D0-8D11-00A0C91BC942}") = "ExempleHeritage", "ExempleHeritage\ExempleHeritage.vcxproj", "{7C918FF3-7528-4FAD-897B-B009A6E045CE}"
EndProject
Project("{8BC9CEB8-8B4A-11D0-8D11-00A0C91BC942}") = "Tp2_2", "Tp2_2\Tp2_2.vcxproj", "{5AE7BEEB-4E0A-49A3-8DDE-6BECBCD5DDE3}"
EndProject
Project("{8BC9CEB8-8B4A-11D0-8D11-00A0C91BC942}") = "ClasseTableaux", "ClasseTableaux\ClasseTableaux.vcxproj", "{1560E5F0-4B73-48DE-BAD3-A52250B36655}"
EndProject
Project("{8BC9CEB8-8B4A-11D0-8D11-00A0C91BC942}") = "Tp_Polymorphisme", "Tp_Polymorphisme\Tp_Polymorphisme.vcxproj", "{8C56D4E4-806C-4D32-85BB-C56EF067DD47}"
EndProject
Project("{8BC9CEB8-8B4A-11D0-8D11-00A0C91BC942}") = "Correction_TP_Polymorphisme", "Correction_TP_Polymorphisme\Correction_TP_Polymorphisme.vcxproj", "{02469A3A-6881-4FA1-BE4A-19F72C7185C5}"
EndProject
Project("{8BC9CEB8-8B4A-11D0-8D11-00A0C91BC942}") = "STL", "STL\STL.vcxproj", "{2C13734A-568C-465D-B87C-2EA242A2B4ED}"
EndProject
Project("{8BC9CEB8-8B4A-11D0-8D11-00A0C91BC942}") = "Vehicules", "Vehicules\Vehicules.vcxproj", "{958F95CC-6005-42F4-B016-96161F120E52}"
EndProject
Project("{8BC9CEB8-8B4A-11D0-8D11-00A0C91BC942}") = "Template", "Template\Template.vcxproj", "{ACAE758D-35A2-4508-ACB9-C44487B8F5E3}"
EndProject
Project("{8BC9CEB8-8B4A-11D0-8D11-00A0C91BC942}") = "AdditionSoustraction", "AdditionSoustraction\AdditionSoustraction.vcxproj", "{527ED6C5-FAE2-4983-88C4-4E689D89CE46}"
EndProject
Project("{8BC9CEB8-8B4A-11D0-8D11-00A0C91BC942}") = "UtilisationLibStatiques", "UtilisationLibStatiques\UtilisationLibStatiques.vcxproj", "{C06EBCDE-B9CF-4D9D-AC7F-D098992B41F2}"
EndProject
Project("{8BC9CEB8-8B4A-11D0-8D11-00A0C91BC942}") = "LibrairieDynamique", "LibrairieDynamique\LibrairieDynamique.vcxproj", "{D571395A-B015-419D-B1C2-918C1FCE4B88}"
EndProject
Project("{8BC9CEB8-8B4A-11D0-8D11-00A0C91BC942}") = "UtilisationDLL", "UtilisationDLL\UtilisationDLL.vcxproj", "{B1CF2EE5-146B-4720-A5C7-83CBEA6449E2}"
EndProject
Project("{8BC9CEB8-8B4A-11D0-8D11-00A0C91BC942}") = "utilisationLibDLLExplicite", "utilisationLibDLLExplicite\utilisationLibDLLExplicite.vcxproj", "{B9CCAA6D-307C-4E49-A03D-6FD144AA760B}"
EndProject
Project("{8BC9CEB8-8B4A-11D0-8D11-00A0C91BC942}") = "Tp_S4", "Tp_S4\Tp_S4.vcxproj", "{84DC02F0-794F-4DC3-BCEF-5D7EB9BD38F5}"
EndProject
Project("{8BC9CEB8-8B4A-11D0-8D11-00A0C91BC942}") = "Tp_BattleRoyal", "Tp_BattleRoyal\Tp_BattleRoyal.vcxproj", "{2FE96830-53CB-4CD1-96F5-DEED9B40FFC1}"
EndProject
Project("{8BC9CEB8-8B4A-11D0-8D11-00A0C91BC942}") = "Tp_BattleRoyalProf_UML", "Tp_BattleRoyalProf\Tp_BattleRoyalProf.vcxproj", "{CB036E8B-4D4B-4D92-8D3D-6979F86FA2E5}"
EndProject
Project("{8BC9CEB8-8B4A-11D0-8D11-00A0C91BC942}") = "BattleRoyale", "..\..\..\C vers C++ S4\BattleRoyale\BattleRoyale.vcxproj", "{E1AE20DC-B204-47A4-96A4-2F307E9DCD4F}"
EndProject
Project("{8BC9CEB8-8B4A-11D0-8D11-00A0C91BC942}") = "BattleRoyal_DLL", "BattleRoyal_DLL\BattleRoyal_DLL.vcxproj", "{24D3D448-EAB9-42AE-9D05-510C1DE598C0}"
EndProject
Project("{8BC9CEB8-8B4A-11D0-8D11-00A0C91BC942}") = "BattleRoyal_DLL_Implicite_Test", "Test_BattleRoyal_DLL_Implicite\Test_BattleRoyal_DLL_Implicite.vcxproj", "{5342B78E-BB33-4F70-9257-CD36087C94D8}"
EndProject
Project("{8BC9CEB8-8B4A-11D0-8D11-00A0C91BC942}") = "Test_Unitaires", "Test_Unitaires\Test_Unitaires.vcxproj", "{5512CF4E-8D0E-44C3-AF33-95579649B12B}"
EndProject
Project("{8BC9CEB8-8B4A-11D0-8D11-00A0C91BC942}") = "BattleRoyal_Test", "Test_BattleRoyal\Test_BattleRoyal.vcxproj", "{24A217F4-5ADD-4C50-B2AD-806E88F9140C}"
EndProject
Project("{8BC9CEB8-8B4A-11D0-8D11-00A0C91BC942}") = "C++11", "C++11\C++11.vcxproj", "{5CF0975A-890F-42FE-ADE5-E580F408B202}"
EndProject
Global
	GlobalSection(SolutionConfigurationPlatforms) = preSolution
		Debug|x64 = Debug|x64
		Debug|x86 = Debug|x86
		Release|x64 = Release|x64
		Release|x86 = Release|x86
	EndGlobalSection
	GlobalSection(ProjectConfigurationPlatforms) = postSolution
		{9EFC5BA1-7BD3-4116-9429-CCE5212E2DA4}.Debug|x64.ActiveCfg = Debug|x64
		{9EFC5BA1-7BD3-4116-9429-CCE5212E2DA4}.Debug|x64.Build.0 = Debug|x64
		{9EFC5BA1-7BD3-4116-9429-CCE5212E2DA4}.Debug|x86.ActiveCfg = Debug|Win32
		{9EFC5BA1-7BD3-4116-9429-CCE5212E2DA4}.Debug|x86.Build.0 = Debug|Win32
		{9EFC5BA1-7BD3-4116-9429-CCE5212E2DA4}.Release|x64.ActiveCfg = Release|x64
		{9EFC5BA1-7BD3-4116-9429-CCE5212E2DA4}.Release|x64.Build.0 = Release|x64
		{9EFC5BA1-7BD3-4116-9429-CCE5212E2DA4}.Release|x86.ActiveCfg = Release|Win32
		{9EFC5BA1-7BD3-4116-9429-CCE5212E2DA4}.Release|x86.Build.0 = Release|Win32
		{1304C360-B328-4BC8-83B5-204DEAA62871}.Debug|x64.ActiveCfg = Debug|x64
		{1304C360-B328-4BC8-83B5-204DEAA62871}.Debug|x64.Build.0 = Debug|x64
		{1304C360-B328-4BC8-83B5-204DEAA62871}.Debug|x86.ActiveCfg = Debug|Win32
		{1304C360-B328-4BC8-83B5-204DEAA62871}.Debug|x86.Build.0 = Debug|Win32
		{1304C360-B328-4BC8-83B5-204DEAA62871}.Release|x64.ActiveCfg = Release|x64
		{1304C360-B328-4BC8-83B5-204DEAA62871}.Release|x64.Build.0 = Release|x64
		{1304C360-B328-4BC8-83B5-204DEAA62871}.Release|x86.ActiveCfg = Release|Win32
		{1304C360-B328-4BC8-83B5-204DEAA62871}.Release|x86.Build.0 = Release|Win32
		{4C9E0AFC-7F87-4BF8-85B7-25D7DC85304E}.Debug|x64.ActiveCfg = Debug|x64
		{4C9E0AFC-7F87-4BF8-85B7-25D7DC85304E}.Debug|x64.Build.0 = Debug|x64
		{4C9E0AFC-7F87-4BF8-85B7-25D7DC85304E}.Debug|x86.ActiveCfg = Debug|Win32
		{4C9E0AFC-7F87-4BF8-85B7-25D7DC85304E}.Debug|x86.Build.0 = Debug|Win32
		{4C9E0AFC-7F87-4BF8-85B7-25D7DC85304E}.Release|x64.ActiveCfg = Release|x64
		{4C9E0AFC-7F87-4BF8-85B7-25D7DC85304E}.Release|x64.Build.0 = Release|x64
		{4C9E0AFC-7F87-4BF8-85B7-25D7DC85304E}.Release|x86.ActiveCfg = Release|Win32
		{4C9E0AFC-7F87-4BF8-85B7-25D7DC85304E}.Release|x86.Build.0 = Release|Win32
		{8E866EF6-AC2A-45D5-9AA1-9359FFCB3066}.Debug|x64.ActiveCfg = Debug|x64
		{8E866EF6-AC2A-45D5-9AA1-9359FFCB3066}.Debug|x64.Build.0 = Debug|x64
		{8E866EF6-AC2A-45D5-9AA1-9359FFCB3066}.Debug|x86.ActiveCfg = Debug|Win32
		{8E866EF6-AC2A-45D5-9AA1-9359FFCB3066}.Debug|x86.Build.0 = Debug|Win32
		{8E866EF6-AC2A-45D5-9AA1-9359FFCB3066}.Release|x64.ActiveCfg = Release|x64
		{8E866EF6-AC2A-45D5-9AA1-9359FFCB3066}.Release|x64.Build.0 = Release|x64
		{8E866EF6-AC2A-45D5-9AA1-9359FFCB3066}.Release|x86.ActiveCfg = Release|Win32
		{8E866EF6-AC2A-45D5-9AA1-9359FFCB3066}.Release|x86.Build.0 = Release|Win32
		{828E6909-3AF9-45E9-A44F-4E4713EAA1A7}.Debug|x64.ActiveCfg = Debug|x64
		{828E6909-3AF9-45E9-A44F-4E4713EAA1A7}.Debug|x64.Build.0 = Debug|x64
		{828E6909-3AF9-45E9-A44F-4E4713EAA1A7}.Debug|x86.ActiveCfg = Debug|Win32
		{828E6909-3AF9-45E9-A44F-4E4713EAA1A7}.Debug|x86.Build.0 = Debug|Win32
		{828E6909-3AF9-45E9-A44F-4E4713EAA1A7}.Release|x64.ActiveCfg = Release|x64
		{828E6909-3AF9-45E9-A44F-4E4713EAA1A7}.Release|x64.Build.0 = Release|x64
		{828E6909-3AF9-45E9-A44F-4E4713EAA1A7}.Release|x86.ActiveCfg = Release|Win32
		{828E6909-3AF9-45E9-A44F-4E4713EAA1A7}.Release|x86.Build.0 = Release|Win32
		{00E14F14-7185-4A9E-8AD3-5CEFC01513C6}.Debug|x64.ActiveCfg = Debug|x64
		{00E14F14-7185-4A9E-8AD3-5CEFC01513C6}.Debug|x64.Build.0 = Debug|x64
		{00E14F14-7185-4A9E-8AD3-5CEFC01513C6}.Debug|x86.ActiveCfg = Debug|Win32
		{00E14F14-7185-4A9E-8AD3-5CEFC01513C6}.Debug|x86.Build.0 = Debug|Win32
		{00E14F14-7185-4A9E-8AD3-5CEFC01513C6}.Release|x64.ActiveCfg = Release|x64
		{00E14F14-7185-4A9E-8AD3-5CEFC01513C6}.Release|x64.Build.0 = Release|x64
		{00E14F14-7185-4A9E-8AD3-5CEFC01513C6}.Release|x86.ActiveCfg = Release|Win32
		{00E14F14-7185-4A9E-8AD3-5CEFC01513C6}.Release|x86.Build.0 = Release|Win32
		{E2D1DF41-8A45-4DC8-AF8F-C1B11B353993}.Debug|x64.ActiveCfg = Debug|x64
		{E2D1DF41-8A45-4DC8-AF8F-C1B11B353993}.Debug|x64.Build.0 = Debug|x64
		{E2D1DF41-8A45-4DC8-AF8F-C1B11B353993}.Debug|x86.ActiveCfg = Debug|Win32
		{E2D1DF41-8A45-4DC8-AF8F-C1B11B353993}.Debug|x86.Build.0 = Debug|Win32
		{E2D1DF41-8A45-4DC8-AF8F-C1B11B353993}.Release|x64.ActiveCfg = Release|x64
		{E2D1DF41-8A45-4DC8-AF8F-C1B11B353993}.Release|x64.Build.0 = Release|x64
		{E2D1DF41-8A45-4DC8-AF8F-C1B11B353993}.Release|x86.ActiveCfg = Release|Win32
		{E2D1DF41-8A45-4DC8-AF8F-C1B11B353993}.Release|x86.Build.0 = Release|Win32
		{28FD479A-9A06-4375-8C57-4AC777C96006}.Debug|x64.ActiveCfg = Debug|x64
		{28FD479A-9A06-4375-8C57-4AC777C96006}.Debug|x64.Build.0 = Debug|x64
		{28FD479A-9A06-4375-8C57-4AC777C96006}.Debug|x86.ActiveCfg = Debug|Win32
		{28FD479A-9A06-4375-8C57-4AC777C96006}.Debug|x86.Build.0 = Debug|Win32
		{28FD479A-9A06-4375-8C57-4AC777C96006}.Release|x64.ActiveCfg = Release|x64
		{28FD479A-9A06-4375-8C57-4AC777C96006}.Release|x64.Build.0 = Release|x64
		{28FD479A-9A06-4375-8C57-4AC777C96006}.Release|x86.ActiveCfg = Release|Win32
		{28FD479A-9A06-4375-8C57-4AC777C96006}.Release|x86.Build.0 = Release|Win32
		{F13EEAA3-A130-4A9F-87A4-30C32C8E5495}.Debug|x64.ActiveCfg = Debug|x64
		{F13EEAA3-A130-4A9F-87A4-30C32C8E5495}.Debug|x64.Build.0 = Debug|x64
		{F13EEAA3-A130-4A9F-87A4-30C32C8E5495}.Debug|x86.ActiveCfg = Debug|Win32
		{F13EEAA3-A130-4A9F-87A4-30C32C8E5495}.Debug|x86.Build.0 = Debug|Win32
		{F13EEAA3-A130-4A9F-87A4-30C32C8E5495}.Release|x64.ActiveCfg = Release|x64
		{F13EEAA3-A130-4A9F-87A4-30C32C8E5495}.Release|x64.Build.0 = Release|x64
		{F13EEAA3-A130-4A9F-87A4-30C32C8E5495}.Release|x86.ActiveCfg = Release|Win32
		{F13EEAA3-A130-4A9F-87A4-30C32C8E5495}.Release|x86.Build.0 = Release|Win32
		{D9D813D6-7558-4BC0-A98E-B00525CFA8F3}.Debug|x64.ActiveCfg = Debug|x64
		{D9D813D6-7558-4BC0-A98E-B00525CFA8F3}.Debug|x64.Build.0 = Debug|x64
		{D9D813D6-7558-4BC0-A98E-B00525CFA8F3}.Debug|x86.ActiveCfg = Debug|Win32
		{D9D813D6-7558-4BC0-A98E-B00525CFA8F3}.Debug|x86.Build.0 = Debug|Win32
		{D9D813D6-7558-4BC0-A98E-B00525CFA8F3}.Release|x64.ActiveCfg = Release|x64
		{D9D813D6-7558-4BC0-A98E-B00525CFA8F3}.Release|x64.Build.0 = Release|x64
		{D9D813D6-7558-4BC0-A98E-B00525CFA8F3}.Release|x86.ActiveCfg = Release|Win32
		{D9D813D6-7558-4BC0-A98E-B00525CFA8F3}.Release|x86.Build.0 = Release|Win32
		{60D991CC-02D6-46AB-95D1-037882969202}.Debug|x64.ActiveCfg = Debug|x64
		{60D991CC-02D6-46AB-95D1-037882969202}.Debug|x64.Build.0 = Debug|x64
		{60D991CC-02D6-46AB-95D1-037882969202}.Debug|x86.ActiveCfg = Debug|Win32
		{60D991CC-02D6-46AB-95D1-037882969202}.Debug|x86.Build.0 = Debug|Win32
		{60D991CC-02D6-46AB-95D1-037882969202}.Release|x64.ActiveCfg = Release|x64
		{60D991CC-02D6-46AB-95D1-037882969202}.Release|x64.Build.0 = Release|x64
		{60D991CC-02D6-46AB-95D1-037882969202}.Release|x86.ActiveCfg = Release|Win32
		{60D991CC-02D6-46AB-95D1-037882969202}.Release|x86.Build.0 = Release|Win32
		{0AC291A0-E14F-49D7-AD24-F2B4C6597656}.Debug|x64.ActiveCfg = Debug|x64
		{0AC291A0-E14F-49D7-AD24-F2B4C6597656}.Debug|x64.Build.0 = Debug|x64
		{0AC291A0-E14F-49D7-AD24-F2B4C6597656}.Debug|x86.ActiveCfg = Debug|Win32
		{0AC291A0-E14F-49D7-AD24-F2B4C6597656}.Debug|x86.Build.0 = Debug|Win32
		{0AC291A0-E14F-49D7-AD24-F2B4C6597656}.Release|x64.ActiveCfg = Release|x64
		{0AC291A0-E14F-49D7-AD24-F2B4C6597656}.Release|x64.Build.0 = Release|x64
		{0AC291A0-E14F-49D7-AD24-F2B4C6597656}.Release|x86.ActiveCfg = Release|Win32
		{0AC291A0-E14F-49D7-AD24-F2B4C6597656}.Release|x86.Build.0 = Release|Win32
		{213E82C5-5352-439C-BB1D-120FE3E7F61D}.Debug|x64.ActiveCfg = Debug|x64
		{213E82C5-5352-439C-BB1D-120FE3E7F61D}.Debug|x64.Build.0 = Debug|x64
		{213E82C5-5352-439C-BB1D-120FE3E7F61D}.Debug|x86.ActiveCfg = Debug|Win32
		{213E82C5-5352-439C-BB1D-120FE3E7F61D}.Debug|x86.Build.0 = Debug|Win32
		{213E82C5-5352-439C-BB1D-120FE3E7F61D}.Release|x64.ActiveCfg = Release|x64
		{213E82C5-5352-439C-BB1D-120FE3E7F61D}.Release|x64.Build.0 = Release|x64
		{213E82C5-5352-439C-BB1D-120FE3E7F61D}.Release|x86.ActiveCfg = Release|Win32
		{213E82C5-5352-439C-BB1D-120FE3E7F61D}.Release|x86.Build.0 = Release|Win32
		{2E154808-351F-4EE3-B115-2A5F30214710}.Debug|x64.ActiveCfg = Debug|x64
		{2E154808-351F-4EE3-B115-2A5F30214710}.Debug|x64.Build.0 = Debug|x64
		{2E154808-351F-4EE3-B115-2A5F30214710}.Debug|x86.ActiveCfg = Debug|Win32
		{2E154808-351F-4EE3-B115-2A5F30214710}.Debug|x86.Build.0 = Debug|Win32
		{2E154808-351F-4EE3-B115-2A5F30214710}.Release|x64.ActiveCfg = Release|x64
		{2E154808-351F-4EE3-B115-2A5F30214710}.Release|x64.Build.0 = Release|x64
		{2E154808-351F-4EE3-B115-2A5F30214710}.Release|x86.ActiveCfg = Release|Win32
		{2E154808-351F-4EE3-B115-2A5F30214710}.Release|x86.Build.0 = Release|Win32
		{0E118ED5-BD20-43E6-B869-657A6B816EC6}.Debug|x64.ActiveCfg = Debug|x64
		{0E118ED5-BD20-43E6-B869-657A6B816EC6}.Debug|x64.Build.0 = Debug|x64
		{0E118ED5-BD20-43E6-B869-657A6B816EC6}.Debug|x86.ActiveCfg = Debug|Win32
		{0E118ED5-BD20-43E6-B869-657A6B816EC6}.Debug|x86.Build.0 = Debug|Win32
		{0E118ED5-BD20-43E6-B869-657A6B816EC6}.Release|x64.ActiveCfg = Release|x64
		{0E118ED5-BD20-43E6-B869-657A6B816EC6}.Release|x64.Build.0 = Release|x64
		{0E118ED5-BD20-43E6-B869-657A6B816EC6}.Release|x86.ActiveCfg = Release|Win32
		{0E118ED5-BD20-43E6-B869-657A6B816EC6}.Release|x86.Build.0 = Release|Win32
		{6B17BC02-34B9-4F00-B0E4-8EC86FDBCBC5}.Debug|x64.ActiveCfg = Debug|x64
		{6B17BC02-34B9-4F00-B0E4-8EC86FDBCBC5}.Debug|x64.Build.0 = Debug|x64
		{6B17BC02-34B9-4F00-B0E4-8EC86FDBCBC5}.Debug|x86.ActiveCfg = Debug|Win32
		{6B17BC02-34B9-4F00-B0E4-8EC86FDBCBC5}.Debug|x86.Build.0 = Debug|Win32
		{6B17BC02-34B9-4F00-B0E4-8EC86FDBCBC5}.Release|x64.ActiveCfg = Release|x64
		{6B17BC02-34B9-4F00-B0E4-8EC86FDBCBC5}.Release|x64.Build.0 = Release|x64
		{6B17BC02-34B9-4F00-B0E4-8EC86FDBCBC5}.Release|x86.ActiveCfg = Release|Win32
		{6B17BC02-34B9-4F00-B0E4-8EC86FDBCBC5}.Release|x86.Build.0 = Release|Win32
		{F7C61242-498C-418F-B7EF-B79FF02DA693}.Debug|x64.ActiveCfg = Debug|x64
		{F7C61242-498C-418F-B7EF-B79FF02DA693}.Debug|x64.Build.0 = Debug|x64
		{F7C61242-498C-418F-B7EF-B79FF02DA693}.Debug|x86.ActiveCfg = Debug|Win32
		{F7C61242-498C-418F-B7EF-B79FF02DA693}.Debug|x86.Build.0 = Debug|Win32
		{F7C61242-498C-418F-B7EF-B79FF02DA693}.Release|x64.ActiveCfg = Release|x64
		{F7C61242-498C-418F-B7EF-B79FF02DA693}.Release|x64.Build.0 = Release|x64
		{F7C61242-498C-418F-B7EF-B79FF02DA693}.Release|x86.ActiveCfg = Release|Win32
		{F7C61242-498C-418F-B7EF-B79FF02DA693}.Release|x86.Build.0 = Release|Win32
		{7C918FF3-7528-4FAD-897B-B009A6E045CE}.Debug|x64.ActiveCfg = Debug|x64
		{7C918FF3-7528-4FAD-897B-B009A6E045CE}.Debug|x64.Build.0 = Debug|x64
		{7C918FF3-7528-4FAD-897B-B009A6E045CE}.Debug|x86.ActiveCfg = Debug|Win32
		{7C918FF3-7528-4FAD-897B-B009A6E045CE}.Debug|x86.Build.0 = Debug|Win32
		{7C918FF3-7528-4FAD-897B-B009A6E045CE}.Release|x64.ActiveCfg = Release|x64
		{7C918FF3-7528-4FAD-897B-B009A6E045CE}.Release|x64.Build.0 = Release|x64
		{7C918FF3-7528-4FAD-897B-B009A6E045CE}.Release|x86.ActiveCfg = Release|Win32
		{7C918FF3-7528-4FAD-897B-B009A6E045CE}.Release|x86.Build.0 = Release|Win32
		{5AE7BEEB-4E0A-49A3-8DDE-6BECBCD5DDE3}.Debug|x64.ActiveCfg = Debug|x64
		{5AE7BEEB-4E0A-49A3-8DDE-6BECBCD5DDE3}.Debug|x64.Build.0 = Debug|x64
		{5AE7BEEB-4E0A-49A3-8DDE-6BECBCD5DDE3}.Debug|x86.ActiveCfg = Debug|Win32
		{5AE7BEEB-4E0A-49A3-8DDE-6BECBCD5DDE3}.Debug|x86.Build.0 = Debug|Win32
		{5AE7BEEB-4E0A-49A3-8DDE-6BECBCD5DDE3}.Release|x64.ActiveCfg = Release|x64
		{5AE7BEEB-4E0A-49A3-8DDE-6BECBCD5DDE3}.Release|x64.Build.0 = Release|x64
		{5AE7BEEB-4E0A-49A3-8DDE-6BECBCD5DDE3}.Release|x86.ActiveCfg = Release|Win32
		{5AE7BEEB-4E0A-49A3-8DDE-6BECBCD5DDE3}.Release|x86.Build.0 = Release|Win32
		{1560E5F0-4B73-48DE-BAD3-A52250B36655}.Debug|x64.ActiveCfg = Debug|x64
		{1560E5F0-4B73-48DE-BAD3-A52250B36655}.Debug|x64.Build.0 = Debug|x64
		{1560E5F0-4B73-48DE-BAD3-A52250B36655}.Debug|x86.ActiveCfg = Debug|Win32
		{1560E5F0-4B73-48DE-BAD3-A52250B36655}.Debug|x86.Build.0 = Debug|Win32
		{1560E5F0-4B73-48DE-BAD3-A52250B36655}.Release|x64.ActiveCfg = Release|x64
		{1560E5F0-4B73-48DE-BAD3-A52250B36655}.Release|x64.Build.0 = Release|x64
		{1560E5F0-4B73-48DE-BAD3-A52250B36655}.Release|x86.ActiveCfg = Release|Win32
		{1560E5F0-4B73-48DE-BAD3-A52250B36655}.Release|x86.Build.0 = Release|Win32
		{8C56D4E4-806C-4D32-85BB-C56EF067DD47}.Debug|x64.ActiveCfg = Debug|x64
		{8C56D4E4-806C-4D32-85BB-C56EF067DD47}.Debug|x64.Build.0 = Debug|x64
		{8C56D4E4-806C-4D32-85BB-C56EF067DD47}.Debug|x86.ActiveCfg = Debug|Win32
		{8C56D4E4-806C-4D32-85BB-C56EF067DD47}.Debug|x86.Build.0 = Debug|Win32
		{8C56D4E4-806C-4D32-85BB-C56EF067DD47}.Release|x64.ActiveCfg = Release|x64
		{8C56D4E4-806C-4D32-85BB-C56EF067DD47}.Release|x64.Build.0 = Release|x64
		{8C56D4E4-806C-4D32-85BB-C56EF067DD47}.Release|x86.ActiveCfg = Release|Win32
		{8C56D4E4-806C-4D32-85BB-C56EF067DD47}.Release|x86.Build.0 = Release|Win32
		{02469A3A-6881-4FA1-BE4A-19F72C7185C5}.Debug|x64.ActiveCfg = Debug|x64
		{02469A3A-6881-4FA1-BE4A-19F72C7185C5}.Debug|x64.Build.0 = Debug|x64
		{02469A3A-6881-4FA1-BE4A-19F72C7185C5}.Debug|x86.ActiveCfg = Debug|Win32
		{02469A3A-6881-4FA1-BE4A-19F72C7185C5}.Debug|x86.Build.0 = Debug|Win32
		{02469A3A-6881-4FA1-BE4A-19F72C7185C5}.Release|x64.ActiveCfg = Release|x64
		{02469A3A-6881-4FA1-BE4A-19F72C7185C5}.Release|x64.Build.0 = Release|x64
		{02469A3A-6881-4FA1-BE4A-19F72C7185C5}.Release|x86.ActiveCfg = Release|Win32
		{02469A3A-6881-4FA1-BE4A-19F72C7185C5}.Release|x86.Build.0 = Release|Win32
		{2C13734A-568C-465D-B87C-2EA242A2B4ED}.Debug|x64.ActiveCfg = Debug|x64
		{2C13734A-568C-465D-B87C-2EA242A2B4ED}.Debug|x64.Build.0 = Debug|x64
		{2C13734A-568C-465D-B87C-2EA242A2B4ED}.Debug|x86.ActiveCfg = Debug|Win32
		{2C13734A-568C-465D-B87C-2EA242A2B4ED}.Debug|x86.Build.0 = Debug|Win32
		{2C13734A-568C-465D-B87C-2EA242A2B4ED}.Release|x64.ActiveCfg = Release|x64
		{2C13734A-568C-465D-B87C-2EA242A2B4ED}.Release|x64.Build.0 = Release|x64
		{2C13734A-568C-465D-B87C-2EA242A2B4ED}.Release|x86.ActiveCfg = Release|Win32
		{2C13734A-568C-465D-B87C-2EA242A2B4ED}.Release|x86.Build.0 = Release|Win32
		{958F95CC-6005-42F4-B016-96161F120E52}.Debug|x64.ActiveCfg = Debug|x64
		{958F95CC-6005-42F4-B016-96161F120E52}.Debug|x64.Build.0 = Debug|x64
		{958F95CC-6005-42F4-B016-96161F120E52}.Debug|x86.ActiveCfg = Debug|Win32
		{958F95CC-6005-42F4-B016-96161F120E52}.Debug|x86.Build.0 = Debug|Win32
		{958F95CC-6005-42F4-B016-96161F120E52}.Release|x64.ActiveCfg = Release|x64
		{958F95CC-6005-42F4-B016-96161F120E52}.Release|x64.Build.0 = Release|x64
		{958F95CC-6005-42F4-B016-96161F120E52}.Release|x86.ActiveCfg = Release|Win32
		{958F95CC-6005-42F4-B016-96161F120E52}.Release|x86.Build.0 = Release|Win32
		{ACAE758D-35A2-4508-ACB9-C44487B8F5E3}.Debug|x64.ActiveCfg = Debug|x64
		{ACAE758D-35A2-4508-ACB9-C44487B8F5E3}.Debug|x64.Build.0 = Debug|x64
		{ACAE758D-35A2-4508-ACB9-C44487B8F5E3}.Debug|x86.ActiveCfg = Debug|Win32
		{ACAE758D-35A2-4508-ACB9-C44487B8F5E3}.Debug|x86.Build.0 = Debug|Win32
		{ACAE758D-35A2-4508-ACB9-C44487B8F5E3}.Release|x64.ActiveCfg = Release|x64
		{ACAE758D-35A2-4508-ACB9-C44487B8F5E3}.Release|x64.Build.0 = Release|x64
		{ACAE758D-35A2-4508-ACB9-C44487B8F5E3}.Release|x86.ActiveCfg = Release|Win32
		{ACAE758D-35A2-4508-ACB9-C44487B8F5E3}.Release|x86.Build.0 = Release|Win32
		{527ED6C5-FAE2-4983-88C4-4E689D89CE46}.Debug|x64.ActiveCfg = Debug|x64
		{527ED6C5-FAE2-4983-88C4-4E689D89CE46}.Debug|x64.Build.0 = Debug|x64
		{527ED6C5-FAE2-4983-88C4-4E689D89CE46}.Debug|x86.ActiveCfg = Debug|Win32
		{527ED6C5-FAE2-4983-88C4-4E689D89CE46}.Debug|x86.Build.0 = Debug|Win32
		{527ED6C5-FAE2-4983-88C4-4E689D89CE46}.Release|x64.ActiveCfg = Release|x64
		{527ED6C5-FAE2-4983-88C4-4E689D89CE46}.Release|x64.Build.0 = Release|x64
		{527ED6C5-FAE2-4983-88C4-4E689D89CE46}.Release|x86.ActiveCfg = Release|Win32
		{527ED6C5-FAE2-4983-88C4-4E689D89CE46}.Release|x86.Build.0 = Release|Win32
		{C06EBCDE-B9CF-4D9D-AC7F-D098992B41F2}.Debug|x64.ActiveCfg = Debug|x64
		{C06EBCDE-B9CF-4D9D-AC7F-D098992B41F2}.Debug|x64.Build.0 = Debug|x64
		{C06EBCDE-B9CF-4D9D-AC7F-D098992B41F2}.Debug|x86.ActiveCfg = Debug|Win32
		{C06EBCDE-B9CF-4D9D-AC7F-D098992B41F2}.Debug|x86.Build.0 = Debug|Win32
		{C06EBCDE-B9CF-4D9D-AC7F-D098992B41F2}.Release|x64.ActiveCfg = Release|x64
		{C06EBCDE-B9CF-4D9D-AC7F-D098992B41F2}.Release|x64.Build.0 = Release|x64
		{C06EBCDE-B9CF-4D9D-AC7F-D098992B41F2}.Release|x86.ActiveCfg = Release|Win32
		{C06EBCDE-B9CF-4D9D-AC7F-D098992B41F2}.Release|x86.Build.0 = Release|Win32
		{D571395A-B015-419D-B1C2-918C1FCE4B88}.Debug|x64.ActiveCfg = Debug|x64
		{D571395A-B015-419D-B1C2-918C1FCE4B88}.Debug|x64.Build.0 = Debug|x64
		{D571395A-B015-419D-B1C2-918C1FCE4B88}.Debug|x86.ActiveCfg = Debug|Win32
		{D571395A-B015-419D-B1C2-918C1FCE4B88}.Debug|x86.Build.0 = Debug|Win32
		{D571395A-B015-419D-B1C2-918C1FCE4B88}.Release|x64.ActiveCfg = Release|x64
		{D571395A-B015-419D-B1C2-918C1FCE4B88}.Release|x64.Build.0 = Release|x64
		{D571395A-B015-419D-B1C2-918C1FCE4B88}.Release|x86.ActiveCfg = Release|Win32
		{D571395A-B015-419D-B1C2-918C1FCE4B88}.Release|x86.Build.0 = Release|Win32
		{B1CF2EE5-146B-4720-A5C7-83CBEA6449E2}.Debug|x64.ActiveCfg = Debug|x64
		{B1CF2EE5-146B-4720-A5C7-83CBEA6449E2}.Debug|x64.Build.0 = Debug|x64
		{B1CF2EE5-146B-4720-A5C7-83CBEA6449E2}.Debug|x86.ActiveCfg = Debug|Win32
		{B1CF2EE5-146B-4720-A5C7-83CBEA6449E2}.Debug|x86.Build.0 = Debug|Win32
		{B1CF2EE5-146B-4720-A5C7-83CBEA6449E2}.Release|x64.ActiveCfg = Release|x64
		{B1CF2EE5-146B-4720-A5C7-83CBEA6449E2}.Release|x64.Build.0 = Release|x64
		{B1CF2EE5-146B-4720-A5C7-83CBEA6449E2}.Release|x86.ActiveCfg = Release|Win32
		{B1CF2EE5-146B-4720-A5C7-83CBEA6449E2}.Release|x86.Build.0 = Release|Win32
		{B9CCAA6D-307C-4E49-A03D-6FD144AA760B}.Debug|x64.ActiveCfg = Debug|x64
		{B9CCAA6D-307C-4E49-A03D-6FD144AA760B}.Debug|x64.Build.0 = Debug|x64
		{B9CCAA6D-307C-4E49-A03D-6FD144AA760B}.Debug|x86.ActiveCfg = Debug|Win32
		{B9CCAA6D-307C-4E49-A03D-6FD144AA760B}.Debug|x86.Build.0 = Debug|Win32
		{B9CCAA6D-307C-4E49-A03D-6FD144AA760B}.Release|x64.ActiveCfg = Release|x64
		{B9CCAA6D-307C-4E49-A03D-6FD144AA760B}.Release|x64.Build.0 = Release|x64
		{B9CCAA6D-307C-4E49-A03D-6FD144AA760B}.Release|x86.ActiveCfg = Release|Win32
		{B9CCAA6D-307C-4E49-A03D-6FD144AA760B}.Release|x86.Build.0 = Release|Win32
		{84DC02F0-794F-4DC3-BCEF-5D7EB9BD38F5}.Debug|x64.ActiveCfg = Debug|x64
		{84DC02F0-794F-4DC3-BCEF-5D7EB9BD38F5}.Debug|x64.Build.0 = Debug|x64
		{84DC02F0-794F-4DC3-BCEF-5D7EB9BD38F5}.Debug|x86.ActiveCfg = Debug|Win32
		{84DC02F0-794F-4DC3-BCEF-5D7EB9BD38F5}.Debug|x86.Build.0 = Debug|Win32
		{84DC02F0-794F-4DC3-BCEF-5D7EB9BD38F5}.Release|x64.ActiveCfg = Release|x64
		{84DC02F0-794F-4DC3-BCEF-5D7EB9BD38F5}.Release|x64.Build.0 = Release|x64
		{84DC02F0-794F-4DC3-BCEF-5D7EB9BD38F5}.Release|x86.ActiveCfg = Release|Win32
		{84DC02F0-794F-4DC3-BCEF-5D7EB9BD38F5}.Release|x86.Build.0 = Release|Win32
		{2FE96830-53CB-4CD1-96F5-DEED9B40FFC1}.Debug|x64.ActiveCfg = Debug|x64
		{2FE96830-53CB-4CD1-96F5-DEED9B40FFC1}.Debug|x64.Build.0 = Debug|x64
		{2FE96830-53CB-4CD1-96F5-DEED9B40FFC1}.Debug|x86.ActiveCfg = Debug|Win32
		{2FE96830-53CB-4CD1-96F5-DEED9B40FFC1}.Debug|x86.Build.0 = Debug|Win32
		{2FE96830-53CB-4CD1-96F5-DEED9B40FFC1}.Release|x64.ActiveCfg = Release|x64
		{2FE96830-53CB-4CD1-96F5-DEED9B40FFC1}.Release|x64.Build.0 = Release|x64
		{2FE96830-53CB-4CD1-96F5-DEED9B40FFC1}.Release|x86.ActiveCfg = Release|Win32
		{2FE96830-53CB-4CD1-96F5-DEED9B40FFC1}.Release|x86.Build.0 = Release|Win32
		{CB036E8B-4D4B-4D92-8D3D-6979F86FA2E5}.Debug|x64.ActiveCfg = Debug|x64
		{CB036E8B-4D4B-4D92-8D3D-6979F86FA2E5}.Debug|x64.Build.0 = Debug|x64
		{CB036E8B-4D4B-4D92-8D3D-6979F86FA2E5}.Debug|x86.ActiveCfg = Debug|Win32
		{CB036E8B-4D4B-4D92-8D3D-6979F86FA2E5}.Debug|x86.Build.0 = Debug|Win32
		{CB036E8B-4D4B-4D92-8D3D-6979F86FA2E5}.Release|x64.ActiveCfg = Release|x64
		{CB036E8B-4D4B-4D92-8D3D-6979F86FA2E5}.Release|x64.Build.0 = Release|x64
		{CB036E8B-4D4B-4D92-8D3D-6979F86FA2E5}.Release|x86.ActiveCfg = Release|Win32
		{CB036E8B-4D4B-4D92-8D3D-6979F86FA2E5}.Release|x86.Build.0 = Release|Win32
		{E1AE20DC-B204-47A4-96A4-2F307E9DCD4F}.Debug|x64.ActiveCfg = Debug|x64
		{E1AE20DC-B204-47A4-96A4-2F307E9DCD4F}.Debug|x64.Build.0 = Debug|x64
		{E1AE20DC-B204-47A4-96A4-2F307E9DCD4F}.Debug|x86.ActiveCfg = Debug|Win32
		{E1AE20DC-B204-47A4-96A4-2F307E9DCD4F}.Debug|x86.Build.0 = Debug|Win32
		{E1AE20DC-B204-47A4-96A4-2F307E9DCD4F}.Release|x64.ActiveCfg = Release|x64
		{E1AE20DC-B204-47A4-96A4-2F307E9DCD4F}.Release|x64.Build.0 = Release|x64
		{E1AE20DC-B204-47A4-96A4-2F307E9DCD4F}.Release|x86.ActiveCfg = Release|Win32
		{E1AE20DC-B204-47A4-96A4-2F307E9DCD4F}.Release|x86.Build.0 = Release|Win32
		{24D3D448-EAB9-42AE-9D05-510C1DE598C0}.Debug|x64.ActiveCfg = Debug|x64
		{24D3D448-EAB9-42AE-9D05-510C1DE598C0}.Debug|x64.Build.0 = Debug|x64
		{24D3D448-EAB9-42AE-9D05-510C1DE598C0}.Debug|x86.ActiveCfg = Debug|Win32
		{24D3D448-EAB9-42AE-9D05-510C1DE598C0}.Debug|x86.Build.0 = Debug|Win32
		{24D3D448-EAB9-42AE-9D05-510C1DE598C0}.Release|x64.ActiveCfg = Release|x64
		{24D3D448-EAB9-42AE-9D05-510C1DE598C0}.Release|x64.Build.0 = Release|x64
		{24D3D448-EAB9-42AE-9D05-510C1DE598C0}.Release|x86.ActiveCfg = Release|Win32
		{24D3D448-EAB9-42AE-9D05-510C1DE598C0}.Release|x86.Build.0 = Release|Win32
		{5342B78E-BB33-4F70-9257-CD36087C94D8}.Debug|x64.ActiveCfg = Debug|x64
		{5342B78E-BB33-4F70-9257-CD36087C94D8}.Debug|x64.Build.0 = Debug|x64
		{5342B78E-BB33-4F70-9257-CD36087C94D8}.Debug|x86.ActiveCfg = Debug|Win32
		{5342B78E-BB33-4F70-9257-CD36087C94D8}.Debug|x86.Build.0 = Debug|Win32
		{5342B78E-BB33-4F70-9257-CD36087C94D8}.Release|x64.ActiveCfg = Release|x64
		{5342B78E-BB33-4F70-9257-CD36087C94D8}.Release|x64.Build.0 = Release|x64
		{5342B78E-BB33-4F70-9257-CD36087C94D8}.Release|x86.ActiveCfg = Release|Win32
		{5342B78E-BB33-4F70-9257-CD36087C94D8}.Release|x86.Build.0 = Release|Win32
		{5512CF4E-8D0E-44C3-AF33-95579649B12B}.Debug|x64.ActiveCfg = Debug|x64
		{5512CF4E-8D0E-44C3-AF33-95579649B12B}.Debug|x64.Build.0 = Debug|x64
		{5512CF4E-8D0E-44C3-AF33-95579649B12B}.Debug|x86.ActiveCfg = Debug|Win32
		{5512CF4E-8D0E-44C3-AF33-95579649B12B}.Debug|x86.Build.0 = Debug|Win32
		{5512CF4E-8D0E-44C3-AF33-95579649B12B}.Release|x64.ActiveCfg = Release|x64
		{5512CF4E-8D0E-44C3-AF33-95579649B12B}.Release|x64.Build.0 = Release|x64
		{5512CF4E-8D0E-44C3-AF33-95579649B12B}.Release|x86.ActiveCfg = Release|Win32
		{5512CF4E-8D0E-44C3-AF33-95579649B12B}.Release|x86.Build.0 = Release|Win32
		{24A217F4-5ADD-4C50-B2AD-806E88F9140C}.Debug|x64.ActiveCfg = Debug|x64
		{24A217F4-5ADD-4C50-B2AD-806E88F9140C}.Debug|x64.Build.0 = Debug|x64
		{24A217F4-5ADD-4C50-B2AD-806E88F9140C}.Debug|x86.ActiveCfg = Debug|Win32
		{24A217F4-5ADD-4C50-B2AD-806E88F9140C}.Debug|x86.Build.0 = Debug|Win32
		{24A217F4-5ADD-4C50-B2AD-806E88F9140C}.Release|x64.ActiveCfg = Release|x64
		{24A217F4-5ADD-4C50-B2AD-806E88F9140C}.Release|x64.Build.0 = Release|x64
		{24A217F4-5ADD-4C50-B2AD-806E88F9140C}.Release|x86.ActiveCfg = Release|Win32
		{24A217F4-5ADD-4C50-B2AD-806E88F9140C}.Release|x86.Build.0 = Release|Win32
		{5CF0975A-890F-42FE-ADE5-E580F408B202}.Debug|x64.ActiveCfg = Debug|x64
		{5CF0975A-890F-42FE-ADE5-E580F408B202}.Debug|x64.Build.0 = Debug|x64
		{5CF0975A-890F-42FE-ADE5-E580F408B202}.Debug|x86.ActiveCfg = Debug|Win32
		{5CF0975A-890F-42FE-ADE5-E580F408B202}.Debug|x86.Build.0 = Debug|Win32
		{5CF0975A-890F-42FE-ADE5-E580F408B202}.Release|x64.ActiveCfg = Release|x64
		{5CF0975A-890F-42FE-ADE5-E580F408B202}.Release|x64.Build.0 = Release|x64
		{5CF0975A-890F-42FE-ADE5-E580F408B202}.Release|x86.ActiveCfg = Release|Win32
		{5CF0975A-890F-42FE-ADE5-E580F408B202}.Release|x86.Build.0 = Release|Win32
	EndGlobalSection
	GlobalSection(SolutionProperties) = preSolution
		HideSolutionNode = FALSE
	EndGlobalSection
	GlobalSection(ExtensibilityGlobals) = postSolution
		SolutionGuid = {9505DDE8-E235-4CBA-90C0-A85BC04A4CEF}
	EndGlobalSection
EndGlobal
